github.com/davecgh/go-spew v1.1.1 h1:vj9j/u1bqnvCEfJOwUhtlOARqs3+rkHYY13jYWTU97c=
github.com/davecgh/go-spew v1.1.1/go.mod h1:J7Y8YcW2NihsgmVo/mv3lAwl/skON4iLHjSsI+c5H38=
github.com/go-pkgz/syncs v1.3.2 h1:gmioASlJNy3gNosPlgvWOM2QP0Hdjzn2u+/sUShgd8E=
github.com/go-pkgz/syncs v1.3.2/go.mod h1:qjgzpp7OpuhDf7BWsW/FHCu9DLjE32NPy6/vXAXT/Cw=
github.com/google/go-cmp v0.5.7 h1:81/ik6ipDQS2aGcBfIN5dHDB36BwrStyeAQquSYCV4o=
github.com/google/go-cmp v0.5.7/go.mod h1:n+brtR0CgQNWTVd5ZUFpTBC8YFBDLK/h/bpaJ8/DtOE=
github.com/marusama/cyclicbarrier v1.1.0 h1:ol/AG+sjvh5yz832avbNjaowoerBuD3AgozxL+aD9u0=
github.com/marusama/cyclicbarrier v1.1.0/go.mod h1:5u93l83cy51YXdz6eKq6kO9+9mGAooB6DHMAxcSuWwQ=
github.com/mdlayher/schedgroup v1.0.0 h1:MJS37Rkver2jHaRV5WE5xszN56xZt5yQlqNjtBI7Hsc=
github.com/mdlayher/schedgroup v1.0.0/go.mod h1:1i5jZ9Z+r9TUTWtmaXbeOX/4ek5HXqgAdREZJGP5Ry4=
github.com/petermattis/goid v0.0.0-20240607163614-bb94eb51e7a7 h1:CtBLeckhC0zAXgp5V8uR30CNYH0JgCJoxCg5+6i2zQk=
github.com/petermattis/goid v0.0.0-20240607163614-bb94eb51e7a7/go.mod h1:pxMtw7cyUw6B2bRH0ZBANSPg+AoSud1I1iyJHI69jH4=
github.com/pmezard/go-difflib v1.0.0 h1:4DBwDE0NGyQoBHbLQYPwSUPoCMWR5BEzIk/f1lZbAQM=
github.com/pmezard/go-difflib v1.0.0/go.mod h1:iKH77koFhYxTK1pcRnkKkqfTogsbg7gZNVY4sRDYZ/4=
github.com/stretchr/testify v1.8.2 h1:+h33VjcLVPDHtOdpUCuF+7gSuG3yGIftsP1YvFihtJ8=
github.com/stretchr/testify v1.8.2/go.mod h1:w2LPCIKwWwSfY2zedu0+kehJoqGctiVI29o6fzry7u4=
github.com/vardius/gollback v1.1.1 h1:sHe+Bnmp87h3w6kBnXY8ATMuWeF4ZcBhAmALx6GQM/I=
github.com/vardius/gollback v1.1.1/go.mod h1:MeIopn8KzLR11VlCuds97h/g0FwgnjloNolBsyTl0OM=
golang.org/x/sync v0.7.0 h1:YsImfSBoP9QPYL0xyKJPq0gcaJdG3rInoqxTWbfQu9M=
golang.org/x/sync v0.7.0/go.mod h1:Czt+wKu1gCyEFDUtn0jG5QVvpJ6rzVqr5aXyt9drQfk=
gopkg.in/yaml.v3 v3.0.1 h1:fxVm/GzAzEWqLHuvctI91KS9hhNmmWOoWu0XTYJS7CA=
gopkg.in/yaml.v3 v3.0.1/go.mod h1:K4uyk7z7BCEPqu6E+C64Yfv1cQ7kz7rIZviUmN+EgEM=
